
Microsoft Visual Studio Solution File, Format Version 12.00
# Visual Studio Version 16
VisualStudioVersion = 16.0.29609.76
MinimumVisualStudioVersion = 10.0.40219.1
Project("{FAE04EC0-301F-11D3-BF4B-00C04F79EFBC}") = "ExerciseOne", "ExerciseOne\ExerciseOne.csproj", "{C5D1D68E-2D69-41C2-A674-EF5FFFBFD5DC}"
EndProject
Global
	GlobalSection(SolutionConfigurationPlatforms) = preSolution
		Debug|Any CPU = Debug|Any CPU
		Release|Any CPU = Release|Any CPU
	EndGlobalSection
	GlobalSection(ProjectConfigurationPlatforms) = postSolution
		{C5D1D68E-2D69-41C2-A674-EF5FFFBFD5DC}.Debug|Any CPU.ActiveCfg = Debug|Any CPU
		{C5D1D68E-2D69-41C2-A674-EF5FFFBFD5DC}.Debug|Any CPU.Build.0 = Debug|Any CPU
		{C5D1D68E-2D69-41C2-A674-EF5FFFBFD5DC}.Release|Any CPU.ActiveCfg = Release|Any CPU
		{C5D1D68E-2D69-41C2-A674-EF5FFFBFD5DC}.Release|Any CPU.Build.0 = Release|Any CPU
	EndGlobalSection
	GlobalSection(SolutionProperties) = preSolution
		HideSolutionNode = FALSE
	EndGlobalSection
	GlobalSection(ExtensibilityGlobals) = postSolution
		SolutionGuid = {957FD860-4B13-4573-B986-7DB8370BE5D0}
	EndGlobalSection
EndGlobal
